
Microsoft Visual Studio Solution File, Format Version 12.00
# Visual Studio 15
VisualStudioVersion = 15.0.28307.572
MinimumVisualStudioVersion = 10.0.40219.1
Project("{FAE04EC0-301F-11D3-BF4B-00C04F79EFBC}") = "StaregyPattern", "StaregyPattern\StaregyPattern.csproj", "{7CBC797E-0931-4D4B-91D1-1932BA098B4F}"
EndProject
Global
	GlobalSection(SolutionConfigurationPlatforms) = preSolution
		Debug|Any CPU = Debug|Any CPU
		Release|Any CPU = Release|Any CPU
	EndGlobalSection
	GlobalSection(ProjectConfigurationPlatforms) = postSolution
		{7CBC797E-0931-4D4B-91D1-1932BA098B4F}.Debug|Any CPU.ActiveCfg = Debug|Any CPU
		{7CBC797E-0931-4D4B-91D1-1932BA098B4F}.Debug|Any CPU.Build.0 = Debug|Any CPU
		{7CBC797E-0931-4D4B-91D1-1932BA098B4F}.Release|Any CPU.ActiveCfg = Release|Any CPU
		{7CBC797E-0931-4D4B-91D1-1932BA098B4F}.Release|Any CPU.Build.0 = Release|Any CPU
	EndGlobalSection
	GlobalSection(SolutionProperties) = preSolution
		HideSolutionNode = FALSE
	EndGlobalSection
	GlobalSection(ExtensibilityGlobals) = postSolution
		SolutionGuid = {496058F0-322F-4778-A0CA-E4067E2E1683}
	EndGlobalSection
EndGlobal
