
Microsoft Visual Studio Solution File, Format Version 12.00
# Visual Studio 15
VisualStudioVersion = 15.0.28307.539
MinimumVisualStudioVersion = 10.0.40219.1
Project("{FAE04EC0-301F-11D3-BF4B-00C04F79EFBC}") = "factory", "factory\factory.csproj", "{2FA7DAF4-6FC7-45B0-B385-8D4212058C5A}"
EndProject
Project("{FAE04EC0-301F-11D3-BF4B-00C04F79EFBC}") = "AbstractFactory", "AbstractFactory\AbstractFactory.csproj", "{F4A2C60D-DCEA-4922-A22C-09544959637B}"
EndProject
Project("{FAE04EC0-301F-11D3-BF4B-00C04F79EFBC}") = "InterfaceTrickQuestion", "InterfaceTrickQuestion\InterfaceTrickQuestion.csproj", "{39DB2710-E249-4ED2-9EA6-E88EFBD07F15}"
EndProject
Global
	GlobalSection(SolutionConfigurationPlatforms) = preSolution
		Debug|Any CPU = Debug|Any CPU
		Release|Any CPU = Release|Any CPU
	EndGlobalSection
	GlobalSection(ProjectConfigurationPlatforms) = postSolution
		{2FA7DAF4-6FC7-45B0-B385-8D4212058C5A}.Debug|Any CPU.ActiveCfg = Debug|Any CPU
		{2FA7DAF4-6FC7-45B0-B385-8D4212058C5A}.Debug|Any CPU.Build.0 = Debug|Any CPU
		{2FA7DAF4-6FC7-45B0-B385-8D4212058C5A}.Release|Any CPU.ActiveCfg = Release|Any CPU
		{2FA7DAF4-6FC7-45B0-B385-8D4212058C5A}.Release|Any CPU.Build.0 = Release|Any CPU
		{F4A2C60D-DCEA-4922-A22C-09544959637B}.Debug|Any CPU.ActiveCfg = Debug|Any CPU
		{F4A2C60D-DCEA-4922-A22C-09544959637B}.Debug|Any CPU.Build.0 = Debug|Any CPU
		{F4A2C60D-DCEA-4922-A22C-09544959637B}.Release|Any CPU.ActiveCfg = Release|Any CPU
		{F4A2C60D-DCEA-4922-A22C-09544959637B}.Release|Any CPU.Build.0 = Release|Any CPU
		{39DB2710-E249-4ED2-9EA6-E88EFBD07F15}.Debug|Any CPU.ActiveCfg = Debug|Any CPU
		{39DB2710-E249-4ED2-9EA6-E88EFBD07F15}.Debug|Any CPU.Build.0 = Debug|Any CPU
		{39DB2710-E249-4ED2-9EA6-E88EFBD07F15}.Release|Any CPU.ActiveCfg = Release|Any CPU
		{39DB2710-E249-4ED2-9EA6-E88EFBD07F15}.Release|Any CPU.Build.0 = Release|Any CPU
	EndGlobalSection
	GlobalSection(SolutionProperties) = preSolution
		HideSolutionNode = FALSE
	EndGlobalSection
	GlobalSection(ExtensibilityGlobals) = postSolution
		SolutionGuid = {CDD5B699-29A2-4AEE-8BED-C6F2B609CF60}
	EndGlobalSection
EndGlobal
