
Microsoft Visual Studio Solution File, Format Version 12.00
# Visual Studio 15
VisualStudioVersion = 15.0.28307.539
MinimumVisualStudioVersion = 10.0.40219.1
Project("{FAE04EC0-301F-11D3-BF4B-00C04F79EFBC}") = "AbstractFactory", "AbstractFactory\AbstractFactory.csproj", "{F312D1BE-AF35-4F78-954A-72C85D52D1E2}"
EndProject
Global
	GlobalSection(SolutionConfigurationPlatforms) = preSolution
		Debug|Any CPU = Debug|Any CPU
		Release|Any CPU = Release|Any CPU
	EndGlobalSection
	GlobalSection(ProjectConfigurationPlatforms) = postSolution
		{F312D1BE-AF35-4F78-954A-72C85D52D1E2}.Debug|Any CPU.ActiveCfg = Debug|Any CPU
		{F312D1BE-AF35-4F78-954A-72C85D52D1E2}.Debug|Any CPU.Build.0 = Debug|Any CPU
		{F312D1BE-AF35-4F78-954A-72C85D52D1E2}.Release|Any CPU.ActiveCfg = Release|Any CPU
		{F312D1BE-AF35-4F78-954A-72C85D52D1E2}.Release|Any CPU.Build.0 = Release|Any CPU
	EndGlobalSection
	GlobalSection(SolutionProperties) = preSolution
		HideSolutionNode = FALSE
	EndGlobalSection
	GlobalSection(ExtensibilityGlobals) = postSolution
		SolutionGuid = {BED70FE3-BB1B-4B79-A224-0475C7C170F6}
	EndGlobalSection
EndGlobal
